
Microsoft Visual Studio Solution File, Format Version 12.00
# Visual Studio 15
VisualStudioVersion = 15.0.27130.2036
MinimumVisualStudioVersion = 10.0.40219.1
Project("{FAE04EC0-301F-11D3-BF4B-00C04F79EFBC}") = "CarShop", "CarShop\CarShop.csproj", "{90D233BB-A746-4654-A0DE-CA2C94404385}"
EndProject
Project("{FAE04EC0-301F-11D3-BF4B-00C04F79EFBC}") = "CarWithWebApi2", "CarWithWebApi2\CarWithWebApi2.csproj", "{50FAB7CF-7DCF-4A12-9382-E03FFE4D7382}"
EndProject
Global
	GlobalSection(SolutionConfigurationPlatforms) = preSolution
		Debug|Any CPU = Debug|Any CPU
		Release|Any CPU = Release|Any CPU
	EndGlobalSection
	GlobalSection(ProjectConfigurationPlatforms) = postSolution
		{90D233BB-A746-4654-A0DE-CA2C94404385}.Debug|Any CPU.ActiveCfg = Debug|Any CPU
		{90D233BB-A746-4654-A0DE-CA2C94404385}.Debug|Any CPU.Build.0 = Debug|Any CPU
		{90D233BB-A746-4654-A0DE-CA2C94404385}.Release|Any CPU.ActiveCfg = Release|Any CPU
		{90D233BB-A746-4654-A0DE-CA2C94404385}.Release|Any CPU.Build.0 = Release|Any CPU
		{50FAB7CF-7DCF-4A12-9382-E03FFE4D7382}.Debug|Any CPU.ActiveCfg = Debug|Any CPU
		{50FAB7CF-7DCF-4A12-9382-E03FFE4D7382}.Debug|Any CPU.Build.0 = Debug|Any CPU
		{50FAB7CF-7DCF-4A12-9382-E03FFE4D7382}.Release|Any CPU.ActiveCfg = Release|Any CPU
		{50FAB7CF-7DCF-4A12-9382-E03FFE4D7382}.Release|Any CPU.Build.0 = Release|Any CPU
	EndGlobalSection
	GlobalSection(SolutionProperties) = preSolution
		HideSolutionNode = FALSE
	EndGlobalSection
	GlobalSection(ExtensibilityGlobals) = postSolution
		SolutionGuid = {7BDD4C74-70BD-4BEF-947C-2B83578011C9}
	EndGlobalSection
EndGlobal
